
Microsoft Visual Studio Solution File, Format Version 12.00
# Visual Studio Version 16
VisualStudioVersion = 16.0.29519.87
MinimumVisualStudioVersion = 10.0.40219.1
Project("{FAE04EC0-301F-11D3-BF4B-00C04F79EFBC}") = "EventDispatcher.Extensions.DependencyInjection", "EventDispatcher.Extensions.DependencyInjection\EventDispatcher.Extensions.DependencyInjection.csproj", "{A2248AC6-0A84-4D1A-9524-55B8B3071947}"
EndProject
Global
	GlobalSection(SolutionConfigurationPlatforms) = preSolution
		Debug|Any CPU = Debug|Any CPU
		Release|Any CPU = Release|Any CPU
	EndGlobalSection
	GlobalSection(ProjectConfigurationPlatforms) = postSolution
		{A2248AC6-0A84-4D1A-9524-55B8B3071947}.Debug|Any CPU.ActiveCfg = Debug|Any CPU
		{A2248AC6-0A84-4D1A-9524-55B8B3071947}.Debug|Any CPU.Build.0 = Debug|Any CPU
		{A2248AC6-0A84-4D1A-9524-55B8B3071947}.Release|Any CPU.ActiveCfg = Release|Any CPU
		{A2248AC6-0A84-4D1A-9524-55B8B3071947}.Release|Any CPU.Build.0 = Release|Any CPU
	EndGlobalSection
	GlobalSection(SolutionProperties) = preSolution
		HideSolutionNode = FALSE
	EndGlobalSection
	GlobalSection(ExtensibilityGlobals) = postSolution
		SolutionGuid = {B353D51A-91BE-4429-99AA-48A3032F9DE1}
	EndGlobalSection
EndGlobal
